Microsoft Visual Studio Solution File, Format Version 12.00
# Visual Studio Version 17
VisualStudioVersion = 17.5.2.0
MinimumVisualStudioVersion = 10.0.40219.1
Project("{FAE04EC0-301F-11D3-BF4B-00C04F79EFBC}") = "CommunityCar.Api", "CommunityCar.Api\CommunityCar.Api.csproj", "{89718BEA-1EC1-5FFF-50F8-FC28123E9CD1}"
EndProject
Project("{FAE04EC0-301F-11D3-BF4B-00C04F79EFBC}") = "CommunityCar.Application", "CommunityCar.Application\CommunityCar.Application.csproj", "{29B10F5E-BB8D-583E-FB73-C8E4190929AE}"
EndProject
Project("{FAE04EC0-301F-11D3-BF4B-00C04F79EFBC}") = "CommunityCar.Domain", "CommunityCar.Domain\CommunityCar.Domain.csproj", "{D5464456-6957-C989-14A0-3A49FE54285F}"
EndProject
Project("{FAE04EC0-301F-11D3-BF4B-00C04F79EFBC}") = "CommunityCar.Infrastructure", "CommunityCar.Infrastructure\CommunityCar.Infrastructure.csproj", "{A94040D4-85D6-6F03-FD90-C528C86F1459}"
EndProject
Project("{FAE04EC0-301F-11D3-BF4B-00C04F79EFBC}") = "ML.Car", "CommunityCar.ML.Car\ML.Car.csproj", "{CCC54356-A9AA-E907-3558-4E6DAA52F0D9}"
EndProject
Project("{FAE04EC0-301F-11D3-BF4B-00C04F79EFBC}") = "CommunityCar.Shared", "CommunityCar.Shared\CommunityCar.Shared.csproj", "{0DC88240-D50E-4270-B5FD-5CA76E535318}"
EndProject
Global
	GlobalSection(SolutionConfigurationPlatforms) = preSolution
		Debug|Any CPU = Debug|Any CPU
		Release|Any CPU = Release|Any CPU
	EndGlobalSection
	GlobalSection(ProjectConfigurationPlatforms) = postSolution
		{89718BEA-1EC1-5FFF-50F8-FC28123E9CD1}.Debug|Any CPU.ActiveCfg = Debug|Any CPU
		{89718BEA-1EC1-5FFF-50F8-FC28123E9CD1}.Debug|Any CPU.Build.0 = Debug|Any CPU
		{89718BEA-1EC1-5FFF-50F8-FC28123E9CD1}.Release|Any CPU.ActiveCfg = Release|Any CPU
		{89718BEA-1EC1-5FFF-50F8-FC28123E9CD1}.Release|Any CPU.Build.0 = Release|Any CPU
		{29B10F5E-BB8D-583E-FB73-C8E4190929AE}.Debug|Any CPU.ActiveCfg = Debug|Any CPU
		{29B10F5E-BB8D-583E-FB73-C8E4190929AE}.Debug|Any CPU.Build.0 = Debug|Any CPU
		{29B10F5E-BB8D-583E-FB73-C8E4190929AE}.Release|Any CPU.ActiveCfg = Release|Any CPU
		{29B10F5E-BB8D-583E-FB73-C8E4190929AE}.Release|Any CPU.Build.0 = Release|Any CPU
		{D5464456-6957-C989-14A0-3A49FE54285F}.Debug|Any CPU.ActiveCfg = Debug|Any CPU
		{D5464456-6957-C989-14A0-3A49FE54285F}.Debug|Any CPU.Build.0 = Debug|Any CPU
		{D5464456-6957-C989-14A0-3A49FE54285F}.Release|Any CPU.ActiveCfg = Release|Any CPU
		{D5464456-6957-C989-14A0-3A49FE54285F}.Release|Any CPU.Build.0 = Release|Any CPU
		{A94040D4-85D6-6F03-FD90-C528C86F1459}.Debug|Any CPU.ActiveCfg = Debug|Any CPU
		{A94040D4-85D6-6F03-FD90-C528C86F1459}.Debug|Any CPU.Build.0 = Debug|Any CPU
		{A94040D4-85D6-6F03-FD90-C528C86F1459}.Release|Any CPU.ActiveCfg = Release|Any CPU
		{A94040D4-85D6-6F03-FD90-C528C86F1459}.Release|Any CPU.Build.0 = Release|Any CPU
		{CCC54356-A9AA-E907-3558-4E6DAA52F0D9}.Debug|Any CPU.ActiveCfg = Debug|Any CPU
		{CCC54356-A9AA-E907-3558-4E6DAA52F0D9}.Debug|Any CPU.Build.0 = Debug|Any CPU
		{CCC54356-A9AA-E907-3558-4E6DAA52F0D9}.Release|Any CPU.ActiveCfg = Release|Any CPU
		{CCC54356-A9AA-E907-3558-4E6DAA52F0D9}.Release|Any CPU.Build.0 = Release|Any CPU
		{0DC88240-D50E-4270-B5FD-5CA76E535318}.Debug|Any CPU.ActiveCfg = Debug|Any CPU
		{0DC88240-D50E-4270-B5FD-5CA76E535318}.Debug|Any CPU.Build.0 = Debug|Any CPU
		{0DC88240-D50E-4270-B5FD-5CA76E535318}.Release|Any CPU.ActiveCfg = Release|Any CPU
		{0DC88240-D50E-4270-B5FD-5CA76E535318}.Release|Any CPU.Build.0 = Release|Any CPU
	EndGlobalSection
	GlobalSection(SolutionProperties) = preSolution
		HideSolutionNode = FALSE
	EndGlobalSection
	GlobalSection(ExtensibilityGlobals) = postSolution
		SolutionGuid = {0A9781B1-9E3D-4619-B094-5908D2F927C6}
	EndGlobalSection
EndGlobal
